
Microsoft Visual Studio Solution File, Format Version 12.00
# Visual Studio Version 17
VisualStudioVersion = 17.11.35327.3
MinimumVisualStudioVersion = 10.0.40219.1
Project("{FAE04EC0-301F-11D3-BF4B-00C04F79EFBC}") = "Lab3_1", "Lab3_1.csproj", "{B00E3BA7-008B-498E-BE24-CED084EB1E53}"
EndProject
Project("{FAE04EC0-301F-11D3-BF4B-00C04F79EFBC}") = "Lab3_2", "..\Lab3_2\Lab3_2.csproj", "{F9AA467E-2B47-4168-AFC2-F13577C0FF01}"
EndProject
Global
	GlobalSection(SolutionConfigurationPlatforms) = preSolution
		Debug|Any CPU = Debug|Any CPU
		Release|Any CPU = Release|Any CPU
	EndGlobalSection
	GlobalSection(ProjectConfigurationPlatforms) = postSolution
		{B00E3BA7-008B-498E-BE24-CED084EB1E53}.Debug|Any CPU.ActiveCfg = Debug|Any CPU
		{B00E3BA7-008B-498E-BE24-CED084EB1E53}.Debug|Any CPU.Build.0 = Debug|Any CPU
		{B00E3BA7-008B-498E-BE24-CED084EB1E53}.Release|Any CPU.ActiveCfg = Release|Any CPU
		{B00E3BA7-008B-498E-BE24-CED084EB1E53}.Release|Any CPU.Build.0 = Release|Any CPU
		{F9AA467E-2B47-4168-AFC2-F13577C0FF01}.Debug|Any CPU.ActiveCfg = Debug|Any CPU
		{F9AA467E-2B47-4168-AFC2-F13577C0FF01}.Debug|Any CPU.Build.0 = Debug|Any CPU
		{F9AA467E-2B47-4168-AFC2-F13577C0FF01}.Release|Any CPU.ActiveCfg = Release|Any CPU
		{F9AA467E-2B47-4168-AFC2-F13577C0FF01}.Release|Any CPU.Build.0 = Release|Any CPU
	EndGlobalSection
	GlobalSection(SolutionProperties) = preSolution
		HideSolutionNode = FALSE
	EndGlobalSection
	GlobalSection(ExtensibilityGlobals) = postSolution
		SolutionGuid = {69A90D6E-5B90-4A06-A964-C7C0AC6A5A4A}
	EndGlobalSection
EndGlobal
