
Microsoft Visual Studio Solution File, Format Version 12.00
# Visual Studio Version 17
VisualStudioVersion = 17.9.34607.119
MinimumVisualStudioVersion = 10.0.40219.1
Project("{9A19103F-16F7-4668-BE54-9A1E7A4F7556}") = "Lab1", "Lab1.csproj", "{139AA7BB-15E5-44FD-8A3C-2E3440825CDA}"
EndProject
Project("{FAE04EC0-301F-11D3-BF4B-00C04F79EFBC}") = "Lab2", "..\Lab2\Lab2.csproj", "{8A979F71-0BB7-4844-B67E-0ABB6AE0E805}"
EndProject
Global
	GlobalSection(SolutionConfigurationPlatforms) = preSolution
		Debug|Any CPU = Debug|Any CPU
		Release|Any CPU = Release|Any CPU
	EndGlobalSection
	GlobalSection(ProjectConfigurationPlatforms) = postSolution
		{139AA7BB-15E5-44FD-8A3C-2E3440825CDA}.Debug|Any CPU.ActiveCfg = Debug|Any CPU
		{139AA7BB-15E5-44FD-8A3C-2E3440825CDA}.Debug|Any CPU.Build.0 = Debug|Any CPU
		{139AA7BB-15E5-44FD-8A3C-2E3440825CDA}.Release|Any CPU.ActiveCfg = Release|Any CPU
		{139AA7BB-15E5-44FD-8A3C-2E3440825CDA}.Release|Any CPU.Build.0 = Release|Any CPU
		{8A979F71-0BB7-4844-B67E-0ABB6AE0E805}.Debug|Any CPU.ActiveCfg = Debug|Any CPU
		{8A979F71-0BB7-4844-B67E-0ABB6AE0E805}.Debug|Any CPU.Build.0 = Debug|Any CPU
		{8A979F71-0BB7-4844-B67E-0ABB6AE0E805}.Release|Any CPU.ActiveCfg = Release|Any CPU
		{8A979F71-0BB7-4844-B67E-0ABB6AE0E805}.Release|Any CPU.Build.0 = Release|Any CPU
	EndGlobalSection
	GlobalSection(SolutionProperties) = preSolution
		HideSolutionNode = FALSE
	EndGlobalSection
	GlobalSection(ExtensibilityGlobals) = postSolution
		SolutionGuid = {27A7F1DF-595F-4539-9E89-0268EB5D1766}
	EndGlobalSection
EndGlobal
