
Microsoft Visual Studio Solution File, Format Version 12.00
# Visual Studio Version 17
VisualStudioVersion = 17.3.32929.385
MinimumVisualStudioVersion = 10.0.40219.1
Project("{FAE04EC0-301F-11D3-BF4B-00C04F79EFBC}") = "lab1PO", "lab1PO\lab1PO.csproj", "{8B4E43C8-7F13-4CF9-9A35-BE299E5114CB}"
EndProject
Global
	GlobalSection(SolutionConfigurationPlatforms) = preSolution
		Debug|Any CPU = Debug|Any CPU
		Release|Any CPU = Release|Any CPU
	EndGlobalSection
	GlobalSection(ProjectConfigurationPlatforms) = postSolution
		{8B4E43C8-7F13-4CF9-9A35-BE299E5114CB}.Debug|Any CPU.ActiveCfg = Debug|Any CPU
		{8B4E43C8-7F13-4CF9-9A35-BE299E5114CB}.Debug|Any CPU.Build.0 = Debug|Any CPU
		{8B4E43C8-7F13-4CF9-9A35-BE299E5114CB}.Release|Any CPU.ActiveCfg = Release|Any CPU
		{8B4E43C8-7F13-4CF9-9A35-BE299E5114CB}.Release|Any CPU.Build.0 = Release|Any CPU
	EndGlobalSection
	GlobalSection(SolutionProperties) = preSolution
		HideSolutionNode = FALSE
	EndGlobalSection
	GlobalSection(ExtensibilityGlobals) = postSolution
		SolutionGuid = {88F90E84-91EE-4FC5-841A-4E4E9A25069E}
	EndGlobalSection
EndGlobal
